<?xml version="1.0" encoding="utf-8"?>
<Project ToolsVersion="4.0" xmlns="http://schemas.microsoft.com/developer/msbuild/2003">
  <ItemGroup>
    <Filter Include="Source Files">
      <UniqueIdentifier>{4FC737F1-C7A5-4376-A066-2A32D752A2FF}</UniqueIdentifier>
      <Extensions>cpp;c;cc;cxx;def;odl;idl;hpj;bat;asm;asmx</Extensions>
    </Filter>
    <Filter Include="Header Files">
      <UniqueIdentifier>{93995380-89BD-4b04-88EB-625FBE52EBFB}</UniqueIdentifier>
      <Extensions>h;hh;hpp;hxx;hm;inl;inc;xsd</Extensions>
    </Filter>
    <Filter Include="Resource Files">
      <UniqueIdentifier>{67DA6AB6-F800-4c08-8B7A-83BB121AAD01}</UniqueIdentifier>
      <Extensions>rc;ico;cur;bmp;dlg;rc2;rct;bin;rgs;gif;jpg;jpeg;jpe;resx;tiff;tif;png;wav;mfcribbon-ms</Extensions>
    </Filter>
    <Filter Include="Shaders">
      <UniqueIdentifier>{519b22e9-57b8-4483-81f9-a14ad774ab48}</UniqueIdentifier>
    </Filter>
  </ItemGroup>
  <ItemGroup>
    <ClCompile Include="main.cpp">
      <Filter>Source Files</Filter>
    </ClCompile>
    <ClCompile Include="ContainerProg.cpp">
      <Filter>Source Files</Filter>
    </ClCompile>
    <ClCompile Include="Lamp.cpp">
      <Filter>Source Files</Filter>
    </ClCompile>
    <ClCompile Include="Mesh.cpp">
      <Filter>Source Files</Filter>
    </ClCompile>
    <ClCompile Include="Model.cpp">
      <Filter>Source Files</Filter>
    </ClCompile>
    <ClCompile Include="ModelWithLight.cpp">
      <Filter>Source Files</Filter>
    </ClCompile>
    <ClCompile Include="BackCamera.cpp">
      <Filter>Source Files</Filter>
    </ClCompile>
    <ClCompile Include="SkyBox.cpp">
      <Filter>Source Files</Filter>
    </ClCompile>
  </ItemGroup>
  <ItemGroup>
    <None Include="container.vert">
      <Filter>Shaders</Filter>
    </None>
    <None Include="container.frag">
      <Filter>Shaders</Filter>
    </None>
    <None Include="lamp.frag">
      <Filter>Shaders</Filter>
    </None>
    <None Include="ClassDiagram.cd" />
    <None Include="loader.frag">
      <Filter>Shaders</Filter>
    </None>
    <None Include="loader.vert">
      <Filter>Shaders</Filter>
    </None>
    <None Include="backcamera.vert">
      <Filter>Shaders</Filter>
    </None>
    <None Include="backcamera.frag">
      <Filter>Shaders</Filter>
    </None>
    <None Include="skybox.vert">
      <Filter>Shaders</Filter>
    </None>
    <None Include="skybox.frag">
      <Filter>Shaders</Filter>
    </None>
    <None Include="geometrytest.geom">
      <Filter>Shaders</Filter>
    </None>
    <None Include="geometrytest.frag">
      <Filter>Shaders</Filter>
    </None>
  </ItemGroup>
  <ItemGroup>
    <ClInclude Include="Camera.h">
      <Filter>Header Files</Filter>
    </ClInclude>
    <ClInclude Include="ContainerProg.h">
      <Filter>Header Files</Filter>
    </ClInclude>
    <ClInclude Include="Lamp.h">
      <Filter>Header Files</Filter>
    </ClInclude>
    <ClInclude Include="Mesh.h">
      <Filter>Header Files</Filter>
    </ClInclude>
    <ClInclude Include="Model.h">
      <Filter>Header Files</Filter>
    </ClInclude>
    <ClInclude Include="Shader.h">
      <Filter>Header Files</Filter>
    </ClInclude>
    <ClInclude Include="ModelWithLight.h">
      <Filter>Header Files</Filter>
    </ClInclude>
    <ClInclude Include="BackCamera.h">
      <Filter>Header Files</Filter>
    </ClInclude>
    <ClInclude Include="SkyBox.h">
      <Filter>Header Files</Filter>
    </ClInclude>
    <ClInclude Include="Constants.h">
      <Filter>Header Files</Filter>
    </ClInclude>
  </ItemGroup>
</Project>